// !$*UTF8*$!
{
	archiveVersion = 1;
	classes = {
	};
	objectVersion = 50;
	objects = {

/* Begin PBXBuildFile section */
		D18036EF257950B20096E0F6 /* main.c in Sources */ = {isa = PBXBuildFile; fileRef = D18036EE257950B20096E0F6 /* main.c */; };
		D18036F8257950C20096E0F6 /* Q1.c in Sources */ = {isa = PBXBuildFile; fileRef = D18036F7257950C20096E0F6 /* Q1.c */; };
		D18036FC2579560B0096E0F6 /* Q2.c in Sources */ = {isa = PBXBuildFile; fileRef = D18036FB2579560B0096E0F6 /* Q2.c */; };
		D180370025795EFB0096E0F6 /* Q3.c in Sources */ = {isa = PBXBuildFile; fileRef = D18036FF25795EFB0096E0F6 /* Q3.c */; };
		D1803704257982B50096E0F6 /* Q4.c in Sources */ = {isa = PBXBuildFile; fileRef = D1803703257982B50096E0F6 /* Q4.c */; };
		D1D82951257A348F00B290FA /* Try.c in Sources */ = {isa = PBXBuildFile; fileRef = D1D82950257A348F00B290FA /* Try.c */; };
/* End PBXBuildFile section */

/* Begin PBXCopyFilesBuildPhase section */
		D18036E9257950B20096E0F6 /* CopyFiles */ = {
			isa = PBXCopyFilesBuildPhase;
			buildActionMask = 2147483647;
			dstPath = /usr/share/man/man1/;
			dstSubfolderSpec = 0;
			files = (
			);
			runOnlyForDeploymentPostprocessing = 1;
		};
/* End PBXCopyFilesBuildPhase section */

/* Begin PBXFileReference section */
		D18036EB257950B20096E0F6 /* Task6 */ = {isa = PBXFileReference; explicitFileType = "compiled.mach-o.executable"; includeInIndex = 0; path = Task6; sourceTree = BUILT_PRODUCTS_DIR; };
		D18036EE257950B20096E0F6 /* main.c */ = {isa = PBXFileReference; lastKnownFileType = sourcecode.c.c; path = main.c; sourceTree = "<group>"; };
		D18036F6257950C20096E0F6 /* Q1.h */ = {isa = PBXFileReference; lastKnownFileType = sourcecode.c.h; path = Q1.h; sourceTree = "<group>"; };
		D18036F7257950C20096E0F6 /* Q1.c */ = {isa = PBXFileReference; lastKnownFileType = sourcecode.c.c; path = Q1.c; sourceTree = "<group>"; };
		D18036FA2579560B0096E0F6 /* Q2.h */ = {isa = PBXFileReference; lastKnownFileType = sourcecode.c.h; path = Q2.h; sourceTree = "<group>"; };
		D18036FB2579560B0096E0F6 /* Q2.c */ = {isa = PBXFileReference; lastKnownFileType = sourcecode.c.c; path = Q2.c; sourceTree = "<group>"; };
		D18036FE25795EFB0096E0F6 /* Q3.h */ = {isa = PBXFileReference; lastKnownFileType = sourcecode.c.h; path = Q3.h; sourceTree = "<group>"; };
		D18036FF25795EFB0096E0F6 /* Q3.c */ = {isa = PBXFileReference; lastKnownFileType = sourcecode.c.c; path = Q3.c; sourceTree = "<group>"; };
		D1803702257982B50096E0F6 /* Q4.h */ = {isa = PBXFileReference; lastKnownFileType = sourcecode.c.h; path = Q4.h; sourceTree = "<group>"; };
		D1803703257982B50096E0F6 /* Q4.c */ = {isa = PBXFileReference; lastKnownFileType = sourcecode.c.c; path = Q4.c; sourceTree = "<group>"; };
		D1D8294F257A348F00B290FA /* Try.h */ = {isa = PBXFileReference; lastKnownFileType = sourcecode.c.h; path = Try.h; sourceTree = "<group>"; };
		D1D82950257A348F00B290FA /* Try.c */ = {isa = PBXFileReference; lastKnownFileType = sourcecode.c.c; path = Try.c; sourceTree = "<group>"; };
/* End PBXFileReference section */

/* Begin PBXFrameworksBuildPhase section */
		D18036E8257950B20096E0F6 /* Frameworks */ = {
			isa = PBXFrameworksBuildPhase;
			buildActionMask = 2147483647;
			files = (
			);
			runOnlyForDeploymentPostprocessing = 0;
		};
/* End PBXFrameworksBuildPhase section */

/* Begin PBXGroup section */
		D18036E2257950B20096E0F6 = {
			isa = PBXGroup;
			children = (
				D1D8294F257A348F00B290FA /* Try.h */,
				D1D82950257A348F00B290FA /* Try.c */,
				D1803702257982B50096E0F6 /* Q4.h */,
				D1803703257982B50096E0F6 /* Q4.c */,
				D18036FE25795EFB0096E0F6 /* Q3.h */,
				D18036FF25795EFB0096E0F6 /* Q3.c */,
				D18036FA2579560B0096E0F6 /* Q2.h */,
				D18036FB2579560B0096E0F6 /* Q2.c */,
				D18036F6257950C20096E0F6 /* Q1.h */,
				D18036F7257950C20096E0F6 /* Q1.c */,
				D18036ED257950B20096E0F6 /* Task6 */,
				D18036EC257950B20096E0F6 /* Products */,
			);
			sourceTree = "<group>";
		};
		D18036EC257950B20096E0F6 /* Products */ = {
			isa = PBXGroup;
			children = (
				D18036EB257950B20096E0F6 /* Task6 */,
			);
			name = Products;
			sourceTree = "<group>";
		};
		D18036ED257950B20096E0F6 /* Task6 */ = {
			isa = PBXGroup;
			children = (
				D18036EE257950B20096E0F6 /* main.c */,
			);
			path = Task6;
			sourceTree = "<group>";
		};
/* End PBXGroup section */

/* Begin PBXNativeTarget section */
		D18036EA257950B20096E0F6 /* Task6 */ = {
			isa = PBXNativeTarget;
			buildConfigurationList = D18036F2257950B20096E0F6 /* Build configuration list for PBXNativeTarget "Task6" */;
			buildPhases = (
				D18036E7257950B20096E0F6 /* Sources */,
				D18036E8257950B20096E0F6 /* Frameworks */,
				D18036E9257950B20096E0F6 /* CopyFiles */,
			);
			buildRules = (
			);
			dependencies = (
			);
			name = Task6;
			productName = Task6;
			productReference = D18036EB257950B20096E0F6 /* Task6 */;
			productType = "com.apple.product-type.tool";
		};
/* End PBXNativeTarget section */

/* Begin PBXProject section */
		D18036E3257950B20096E0F6 /* Project object */ = {
			isa = PBXProject;
			attributes = {
				LastUpgradeCheck = 1220;
				TargetAttributes = {
					D18036EA257950B20096E0F6 = {
						CreatedOnToolsVersion = 12.2;
					};
				};
			};
			buildConfigurationList = D18036E6257950B20096E0F6 /* Build configuration list for PBXProject "Task6" */;
			compatibilityVersion = "Xcode 9.3";
			developmentRegion = en;
			hasScannedForEncodings = 0;
			knownRegions = (
				en,
				Base,
			);
			mainGroup = D18036E2257950B20096E0F6;
			productRefGroup = D18036EC257950B20096E0F6 /* Products */;
			projectDirPath = "";
			projectRoot = "";
			targets = (
				D18036EA257950B20096E0F6 /* Task6 */,
			);
		};
/* End PBXProject section */

/* Begin PBXSourcesBuildPhase section */
		D18036E7257950B20096E0F6 /* Sources */ = {
			isa = PBXSourcesBuildPhase;
			buildActionMask = 2147483647;
			files = (
				D18036EF257950B20096E0F6 /* main.c in Sources */,
				D180370025795EFB0096E0F6 /* Q3.c in Sources */,
				D18036F8257950C20096E0F6 /* Q1.c in Sources */,
				D1D82951257A348F00B290FA /* Try.c in Sources */,
				D18036FC2579560B0096E0F6 /* Q2.c in Sources */,
				D1803704257982B50096E0F6 /* Q4.c in Sources */,
			);
			runOnlyForDeploymentPostprocessing = 0;
		};
/* End PBXSourcesBuildPhase section */

/* Begin XCBuildConfiguration section */
		D18036F0257950B20096E0F6 /* Debug */ = {
			isa = XCBuildConfiguration;
			buildSettings = {
				ALWAYS_SEARCH_USER_PATHS = NO;
				CLANG_ANALYZER_NONNULL = YES;
				CLANG_ANALYZER_NUMBER_OBJECT_CONVERSION = YES_AGGRESSIVE;
				CLANG_CXX_LANGUAGE_STANDARD = "gnu++14";
				CLANG_CXX_LIBRARY = "libc++";
				CLANG_ENABLE_MODULES = YES;
				CLANG_ENABLE_OBJC_ARC = YES;
				CLANG_ENABLE_OBJC_WEAK = YES;
				CLANG_WARN_BLOCK_CAPTURE_AUTORELEASING = YES;
				CLANG_WARN_BOOL_CONVERSION = YES;
				CLANG_WARN_COMMA = YES;
				CLANG_WARN_CONSTANT_CONVERSION = YES;
				CLANG_WARN_DEPRECATED_OBJC_IMPLEMENTATIONS = YES;
				CLANG_WARN_DIRECT_OBJC_ISA_USAGE = YES_ERROR;
				CLANG_WARN_DOCUMENTATION_COMMENTS = YES;
				CLANG_WARN_EMPTY_BODY = YES;
				CLANG_WARN_ENUM_CONVERSION = YES;
				CLANG_WARN_INFINITE_RECURSION = YES;
				CLANG_WARN_INT_CONVERSION = YES;
				CLANG_WARN_NON_LITERAL_NULL_CONVERSION = YES;
				CLANG_WARN_OBJC_IMPLICIT_RETAIN_SELF = YES;
				CLANG_WARN_OBJC_LITERAL_CONVERSION = YES;
				CLANG_WARN_OBJC_ROOT_CLASS = YES_ERROR;
				CLANG_WARN_QUOTED_INCLUDE_IN_FRAMEWORK_HEADER = YES;
				CLANG_WARN_RANGE_LOOP_ANALYSIS = YES;
				CLANG_WARN_STRICT_PROTOTYPES = YES;
				CLANG_WARN_SUSPICIOUS_MOVE = YES;
				CLANG_WARN_UNGUARDED_AVAILABILITY = YES_AGGRESSIVE;
				CLANG_WARN_UNREACHABLE_CODE = YES;
				CLANG_WARN__DUPLICATE_METHOD_MATCH = YES;
				COPY_PHASE_STRIP = NO;
				DEBUG_INFORMATION_FORMAT = dwarf;
				ENABLE_STRICT_OBJC_MSGSEND = YES;
				ENABLE_TESTABILITY = YES;
				GCC_C_LANGUAGE_STANDARD = gnu11;
				GCC_DYNAMIC_NO_PIC = NO;
				GCC_NO_COMMON_BLOCKS = YES;
				GCC_OPTIMIZATION_LEVEL = 0;
				GCC_PREPROCESSOR_DEFINITIONS = (
					"DEBUG=1",
					"$(inherited)",
				);
				GCC_WARN_64_TO_32_BIT_CONVERSION = YES;
				GCC_WARN_ABOUT_RETURN_TYPE = YES_ERROR;
				GCC_WARN_UNDECLARED_SELECTOR = YES;
				GCC_WARN_UNINITIALIZED_AUTOS = YES_AGGRESSIVE;
				GCC_WARN_UNUSED_FUNCTION = YES;
				GCC_WARN_UNUSED_VARIABLE = YES;
				MACOSX_DEPLOYMENT_TARGET = 11.0;
				MTL_ENABLE_DEBUG_INFO = INCLUDE_SOURCE;
				MTL_FAST_MATH = YES;
				ONLY_ACTIVE_ARCH = YES;
				SDKROOT = macosx;
			};
			name = Debug;
		};
		D18036F1257950B20096E0F6 /* Release */ = {
			isa = XCBuildConfiguration;
			buildSettings = {
				ALWAYS_SEARCH_USER_PATHS = NO;
				CLANG_ANALYZER_NONNULL = YES;
				CLANG_ANALYZER_NUMBER_OBJECT_CONVERSION = YES_AGGRESSIVE;
				CLANG_CXX_LANGUAGE_STANDARD = "gnu++14";
				CLANG_CXX_LIBRARY = "libc++";
				CLANG_ENABLE_MODULES = YES;
				CLANG_ENABLE_OBJC_ARC = YES;
				CLANG_ENABLE_OBJC_WEAK = YES;
				CLANG_WARN_BLOCK_CAPTURE_AUTORELEASING = YES;
				CLANG_WARN_BOOL_CONVERSION = YES;
				CLANG_WARN_COMMA = YES;
				CLANG_WARN_CONSTANT_CONVERSION = YES;
				CLANG_WARN_DEPRECATED_OBJC_IMPLEMENTATIONS = YES;
				CLANG_WARN_DIRECT_OBJC_ISA_USAGE = YES_ERROR;
				CLANG_WARN_DOCUMENTATION_COMMENTS = YES;
				CLANG_WARN_EMPTY_BODY = YES;
				CLANG_WARN_ENUM_CONVERSION = YES;
				CLANG_WARN_INFINITE_RECURSION = YES;
				CLANG_WARN_INT_CONVERSION = YES;
				CLANG_WARN_NON_LITERAL_NULL_CONVERSION = YES;
				CLANG_WARN_OBJC_IMPLICIT_RETAIN_SELF = YES;
				CLANG_WARN_OBJC_LITERAL_CONVERSION = YES;
				CLANG_WARN_OBJC_ROOT_CLASS = YES_ERROR;
				CLANG_WARN_QUOTED_INCLUDE_IN_FRAMEWORK_HEADER = YES;
				CLANG_WARN_RANGE_LOOP_ANALYSIS = YES;
				CLANG_WARN_STRICT_PROTOTYPES = YES;
				CLANG_WARN_SUSPICIOUS_MOVE = YES;
				CLANG_WARN_UNGUARDED_AVAILABILITY = YES_AGGRESSIVE;
				CLANG_WARN_UNREACHABLE_CODE = YES;
				CLANG_WARN__DUPLICATE_METHOD_MATCH = YES;
				COPY_PHASE_STRIP = NO;
				DEBUG_INFORMATION_FORMAT = "dwarf-with-dsym";
				ENABLE_NS_ASSERTIONS = NO;
				ENABLE_STRICT_OBJC_MSGSEND = YES;
				GCC_C_LANGUAGE_STANDARD = gnu11;
				GCC_NO_COMMON_BLOCKS = YES;
				GCC_WARN_64_TO_32_BIT_CONVERSION = YES;
				GCC_WARN_ABOUT_RETURN_TYPE = YES_ERROR;
				GCC_WARN_UNDECLARED_SELECTOR = YES;
				GCC_WARN_UNINITIALIZED_AUTOS = YES_AGGRESSIVE;
				GCC_WARN_UNUSED_FUNCTION = YES;
				GCC_WARN_UNUSED_VARIABLE = YES;
				MACOSX_DEPLOYMENT_TARGET = 11.0;
				MTL_ENABLE_DEBUG_INFO = NO;
				MTL_FAST_MATH = YES;
				SDKROOT = macosx;
			};
			name = Release;
		};
		D18036F3257950B20096E0F6 /* Debug */ = {
			isa = XCBuildConfiguration;
			buildSettings = {
				CODE_SIGN_STYLE = Automatic;
				PRODUCT_NAME = "$(TARGET_NAME)";
			};
			name = Debug;
		};
		D18036F4257950B20096E0F6 /* Release */ = {
			isa = XCBuildConfiguration;
			buildSettings = {
				CODE_SIGN_STYLE = Automatic;
				PRODUCT_NAME = "$(TARGET_NAME)";
			};
			name = Release;
		};
/* End XCBuildConfiguration section */

/* Begin XCConfigurationList section */
		D18036E6257950B20096E0F6 /* Build configuration list for PBXProject "Task6" */ = {
			isa = XCConfigurationList;
			buildConfigurations = (
				D18036F0257950B20096E0F6 /* Debug */,
				D18036F1257950B20096E0F6 /* Release */,
			);
			defaultConfigurationIsVisible = 0;
			defaultConfigurationName = Release;
		};
		D18036F2257950B20096E0F6 /* Build configuration list for PBXNativeTarget "Task6" */ = {
			isa = XCConfigurationList;
			buildConfigurations = (
				D18036F3257950B20096E0F6 /* Debug */,
				D18036F4257950B20096E0F6 /* Release */,
			);
			defaultConfigurationIsVisible = 0;
			defaultConfigurationName = Release;
		};
/* End XCConfigurationList section */
	};
	rootObject = D18036E3257950B20096E0F6 /* Project object */;
}
